
Microsoft Visual Studio Solution File, Format Version 12.00
# Visual Studio Version 16
VisualStudioVersion = 16.0.29709.97
MinimumVisualStudioVersion = 10.0.40219.1
Project("{FAE04EC0-301F-11D3-BF4B-00C04F79EFBC}") = "Runner", "Runner\Runner.csproj", "{3913E4FF-DA1F-437E-9219-25C17671AC23}"
EndProject
Project("{FAE04EC0-301F-11D3-BF4B-00C04F79EFBC}") = "DataLayer", "DataLayer\DataLayer.csproj", "{934DA1DC-299B-421E-A37B-7E57539A9887}"
EndProject
Global
	GlobalSection(SolutionConfigurationPlatforms) = preSolution
		Debug|Any CPU = Debug|Any CPU
		Release|Any CPU = Release|Any CPU
	EndGlobalSection
	GlobalSection(ProjectConfigurationPlatforms) = postSolution
		{3913E4FF-DA1F-437E-9219-25C17671AC23}.Debug|Any CPU.ActiveCfg = Debug|Any CPU
		{3913E4FF-DA1F-437E-9219-25C17671AC23}.Debug|Any CPU.Build.0 = Debug|Any CPU
		{3913E4FF-DA1F-437E-9219-25C17671AC23}.Release|Any CPU.ActiveCfg = Release|Any CPU
		{3913E4FF-DA1F-437E-9219-25C17671AC23}.Release|Any CPU.Build.0 = Release|Any CPU
		{934DA1DC-299B-421E-A37B-7E57539A9887}.Debug|Any CPU.ActiveCfg = Debug|Any CPU
		{934DA1DC-299B-421E-A37B-7E57539A9887}.Debug|Any CPU.Build.0 = Debug|Any CPU
		{934DA1DC-299B-421E-A37B-7E57539A9887}.Release|Any CPU.ActiveCfg = Release|Any CPU
		{934DA1DC-299B-421E-A37B-7E57539A9887}.Release|Any CPU.Build.0 = Release|Any CPU
	EndGlobalSection
	GlobalSection(SolutionProperties) = preSolution
		HideSolutionNode = FALSE
	EndGlobalSection
	GlobalSection(ExtensibilityGlobals) = postSolution
		SolutionGuid = {DF44FDE6-DF61-4051-87B9-2BC2ACB890BB}
	EndGlobalSection
EndGlobal
